{
  "name": "pi-cmux",
  "version": "0.1.16",
  "lockfileVersion": 3,
  "requires": true,
  "packages": {
    "": {
      "name": "pi-cmux",
      "version": "0.1.16",
      "license": "MIT",
      "bin": {
        "pi-cmux": "install.mjs"
      },
      "devDependencies": {
        "@earendil-works/pi-coding-agent": "0.75.5",
        "typescript": "5.9.3"
      },
      "peerDependencies": {
        "@earendil-works/pi-coding-agent": "*"
      }
    },
    "node_modules/@earendil-works/pi-coding-agent": {
      "version": "0.75.5",
      "resolved": "https://registry.npmjs.org/@earendil-works/pi-coding-agent/-/pi-coding-agent-0.75.5.tgz",
      "integrity": "sha512-O3CCQDYy28D4uwtP6zZkdEwzHN6X22v49Sb0+SZTC7x37V/YfmogrWPiaFoWeoc2hmdKhSATI7ZAK5bQbJG5NA==",
      "dev": true,
      "hasShrinkwrap": true,
      "license": "MIT",
      "dependencies": {
        "@earendil-works/pi-agent-core": "^0.75.5",
        "@earendil-works/pi-ai": "^0.75.5",
        "@earendil-works/pi-tui": "^0.75.5",
        "@silvia-odwyer/photon-node": "0.3.4",
        "chalk": "5.6.2",
        "cross-spawn": "7.0.6",
        "diff": "8.0.4",
        "glob": "13.0.6",
        "highlight.js": "10.7.3",
        "hosted-git-info": "9.0.3",
        "ignore": "7.0.5",
        "jiti": "2.7.0",
        "minimatch": "10.2.5",
        "proper-lockfile": "4.1.2",
        "typebox": "1.1.38",
        "undici": "8.3.0",
        "yaml": "2.9.0"
      },
      "bin": {
        "pi": "dist/cli.js"
      },
      "engines": {
        "node": ">=22.19.0"
      },
      "optionalDependencies": {
        "@mariozechner/clipboard": "0.3.6"
      }
    },
    "node_modules/typescript": {
      "version": "5.9.3",
      "resolved": "https://registry.npmjs.org/typescript/-/typescript-5.9.3.tgz",
      "integrity": "sha512-jl1vZzPDinLr9eUt3J/t7V6FgNEw9QjvBPdysz9KfQDD41fQrC2Y4vKQdiaUpFT4bXlb1RHhLpp8wtm6M5TgSw==",
      "dev": true,
      "license": "Apache-2.0",
      "bin": {
        "tsc": "bin/tsc",
        "tsserver": "bin/tsserver"
      },
      "engines": {
        "node": ">=14.17"
      }
    }
  }
}
